
Microsoft Visual Studio Solution File, Format Version 12.00
# Visual Studio Version 17
VisualStudioVersion = 17.8.34330.188
MinimumVisualStudioVersion = 10.0.40219.1
Project("{FAE04EC0-301F-11D3-BF4B-00C04F79EFBC}") = "Multi-Cast-Delegates", "Multi-Cast-Delegates\Multi-Cast-Delegates.csproj", "{648D3BFD-2B92-4EDE-AE1A-4B990B965930}"
EndProject
Global
	GlobalSection(SolutionConfigurationPlatforms) = preSolution
		Debug|Any CPU = Debug|Any CPU
		Release|Any CPU = Release|Any CPU
	EndGlobalSection
	GlobalSection(ProjectConfigurationPlatforms) = postSolution
		{648D3BFD-2B92-4EDE-AE1A-4B990B965930}.Debug|Any CPU.ActiveCfg = Debug|Any CPU
		{648D3BFD-2B92-4EDE-AE1A-4B990B965930}.Debug|Any CPU.Build.0 = Debug|Any CPU
		{648D3BFD-2B92-4EDE-AE1A-4B990B965930}.Release|Any CPU.ActiveCfg = Release|Any CPU
		{648D3BFD-2B92-4EDE-AE1A-4B990B965930}.Release|Any CPU.Build.0 = Release|Any CPU
	EndGlobalSection
	GlobalSection(SolutionProperties) = preSolution
		HideSolutionNode = FALSE
	EndGlobalSection
	GlobalSection(ExtensibilityGlobals) = postSolution
		SolutionGuid = {9F7D553E-47B8-4564-BAB2-6CD6B31ECEFD}
	EndGlobalSection
EndGlobal
